lockfileVersion: '9.0'

settings:
  autoInstallPeers: true
  excludeLinksFromLockfile: false

importers:

  .:
    devDependencies:
      '@fontsource-variable/inter':
        specifier: ^5.2.8
        version: 5.2.8
      '@tailwindcss/vite':
        specifier: ^4.3.0
        version: 4.3.0(vite@8.0.13(@types/node@25.9.1)(jiti@2.7.0)(terser@5.47.1)(yaml@2.9.0))
      '@types/node':
        specifier: ^25.9.1
        version: 25.9.1
      colorjs.io:
        specifier: ^0.6.1
        version: 0.6.1
      husky:
        specifier: ^9.1.7
        version: 9.1.7
      lint-staged:
        specifier: ^16.4.0
        version: 16.4.0
      prettier:
        specifier: ^3.8.3
        version: 3.8.3
      prettier-plugin-tailwindcss:
        specifier: ^0.8.0
        version: 0.8.0(prettier@3.8.3)
      tailwind-scrollbar:
        specifier: ^4.0.2
        version: 4.0.2(react@19.2.6)(tailwindcss@4.3.0)
      tailwindcss:
        specifier: ^4.3.0
        version: 4.3.0
      terser:
        specifier: ^5.47.1
        version: 5.47.1
      tw-animate-css:
        specifier: ^1.4.0
        version: 1.4.0
      vite:
        specifier: ^8.0.13
        version: 8.0.13(@types/node@25.9.1)(jiti@2.7.0)(terser@5.47.1)(yaml@2.9.0)

packages:

  '@emnapi/core@1.10.0':
    resolution: {integrity: sha512-yq6OkJ4p82CAfPl0u9mQebQHKPJkY7WrIuk205cTYnYe+k2Z8YBh11FrbRG/H6ihirqcacOgl2BIO8oyMQLeXw==}

  '@emnapi/runtime@1.10.0':
    resolution: {integrity: sha512-ewvYlk86xUoGI0zQRNq/mC+16R1QeDlKQy21Ki3oSYXNgLb45GV1P6A0M+/s6nyCuNDqe5VpaY84BzXGwVbwFA==}

  '@emnapi/wasi-threads@1.2.1':
    resolution: {integrity: sha512-uTII7OYF+/Mes/MrcIOYp5yOtSMLBWSIoLPpcgwipoiKbli6k322tcoFsxoIIxPDqW01SQGAgko4EzZi2BNv2w==}

  '@fontsource-variable/inter@5.2.8':
    resolution: {integrity: sha512-kOfP2D+ykbcX/P3IFnokOhVRNoTozo5/JxhAIVYLpea/UBmCQ/YWPBfWIDuBImXX/15KH+eKh4xpEUyS2sQQGQ==}

  '@jridgewell/gen-mapping@0.3.13':
    resolution: {integrity: sha512-2kkt/7niJ6MgEPxF0bYdQ6etZaA+fQvDcLKckhy1yIQOzaoKjBBjSj63/aLVjYE3qhRt5dvM+uUyfCg6UKCBbA==}

  '@jridgewell/remapping@2.3.5':
    resolution: {integrity: sha512-LI9u/+laYG4Ds1TDKSJW2YPrIlcVYOwi2fUC6xB43lueCjgxV4lffOCZCtYFiH6TNOX+tQKXx97T4IKHbhyHEQ==}

  '@jridgewell/resolve-uri@3.1.2':
    resolution: {integrity: sha512-bRISgCIjP20/tbWSPWMEi54QVPRZExkuD9lJL+UIxUKtwVJA8wW1Trb1jMs1RFXo1CBTNZ/5hpC9QvmKWdopKw==}
    engines: {node: '>=6.0.0'}

  '@jridgewell/source-map@0.3.11':
    resolution: {integrity: sha512-ZMp1V8ZFcPG5dIWnQLr3NSI1MiCU7UETdS/A0G8V/XWHvJv3ZsFqutJn1Y5RPmAPX6F3BiE397OqveU/9NCuIA==}

  '@jridgewell/sourcemap-codec@1.5.5':
    resolution: {integrity: sha512-cYQ9310grqxueWbl+WuIUIaiUaDcj7WOq5fVhEljNVgRfOUhY9fy2zTvfoqWsnebh8Sl70VScFbICvJnLKB0Og==}

  '@jridgewell/trace-mapping@0.3.31':
    resolution: {integrity: sha512-zzNR+SdQSDJzc8joaeP8QQoCQr8NuYx2dIIytl1QeBEZHJ9uW6hebsrYgbz8hJwUQao3TWCMtmfV8Nu1twOLAw==}

  '@napi-rs/wasm-runtime@1.1.4':
    resolution: {integrity: sha512-3NQNNgA1YSlJb/kMH1ildASP9HW7/7kYnRI2szWJaofaS1hWmbGI4H+d3+22aGzXXN9IJ+n+GiFVcGipJP18ow==}
    peerDependencies:
      '@emnapi/core': ^1.7.1
      '@emnapi/runtime': ^1.7.1

  '@oxc-project/types@0.130.0':
    resolution: {integrity: sha512-ibD2usx9JRu7f5pu2tMKMI4cpA4NgXJQoYRP4pQ7Pxmn1l6k/53qWtQWZayhYy3X4QZkt90Ot+mJEaeXouio6Q==}

  '@rolldown/binding-android-arm64@1.0.1':
    resolution: {integrity: sha512-fJI3I0r3C3Oj/zdBCpaCmBRZYf07xpaq4yCfDDoSFm+beWNzbIl26puW8RraUdugoJw/95zerNOn6jasAhzSmg==}
    engines: {node: ^20.19.0 || >=22.12.0}
    cpu: [arm64]
    os: [android]

  '@rolldown/binding-darwin-arm64@1.0.1':
    resolution: {integrity: sha512-cKnAhWEsV7TPcA/5EAteDp6KcJZBQ2G+BqE7zayMMi7kMvwRsbv7WT9aOnn0WNl4SKEIf43vjS31iUPu80nzXg==}
    engines: {node: ^20.19.0 || >=22.12.0}
    cpu: [arm64]
    os: [darwin]

  '@rolldown/binding-darwin-x64@1.0.1':
    resolution: {integrity: sha512-YKrVwQjIRBPo+5G/u03wGjbdy4q7pyzCe93DK9VJ7zkVmeg8LJ7GbgsiHWdR4xSoe4CAXRD7Bcjgbtr64bkXNg==}
    engines: {node: ^20.19.0 || >=22.12.0}
    cpu: [x64]
    os: [darwin]

  '@rolldown/binding-freebsd-x64@1.0.1':
    resolution: {integrity: sha512-z/oBsREo46SsFqBwYtFe0kpJeBijAT48O/WXLI4suiCLBkr03RTtTJMCzSdDd2znlh8VJizL09XVkQgk8IZonw==}
    engines: {node: ^20.19.0 || >=22.12.0}
    cpu: [x64]
    os: [freebsd]

  '@rolldown/binding-linux-arm-gnueabihf@1.0.1':
    resolution: {integrity: sha512-ik8q7GM11zxvYxFc2PeDcT6TBvhCQMaUxfph/M5l9sKuTs/Sjg3L+Byw0F7w0ZVLBZmx30P+gG0ECzzN+MFcmQ==}
    engines: {node: ^20.19.0 || >=22.12.0}
    cpu: [arm]
    os: [linux]

  '@rolldown/binding-linux-arm64-gnu@1.0.1':
    resolution: {integrity: sha512-QoSx2EkyrrdZ6kcyE8stqZ62t0Yra8Fs5ia9lOxJrh6TMQJK7gQKmscdTHf7pOXKREKrVwOtJcQG3qVSfc866A==}
    engines: {node: ^20.19.0 || >=22.12.0}
    cpu: [arm64]
    os: [linux]
    libc: [glibc]

  '@rolldown/binding-linux-arm64-musl@1.0.1':
    resolution: {integrity: sha512-uwNwFpwKeNiZawfAWBgg0VIztPTV3ihhh1vV334h9ivnNLorxnQMU6Fz8wG1Zb4Qh9LC1/MkcyT3YlDXG3Rsgg==}
    engines: {node: ^20.19.0 || >=22.12.0}
    cpu: [arm64]
    os: [linux]
    libc: [musl]

  '@rolldown/binding-linux-ppc64-gnu@1.0.1':
    resolution: {integrity: sha512-zY1bul7OWr7DFBiJ++wofXvnr8B45ce3QsQUhKrIhXsygAh7bTkwyeM1bi1a2g5C/yC/N8TZyGDEoMfm/l9mpg==}
    engines: {node: ^20.19.0 || >=22.12.0}
    cpu: [ppc64]
    os: [linux]
    libc: [glibc]

  '@rolldown/binding-linux-s390x-gnu@1.0.1':
    resolution: {integrity: sha512-0frlsT/f4Ft6I7SMESTKnF3cZsdicQn1dCMkF/jT9wDLE+gGoiQfv1nmT9e+s7s/fekvvy6tZM2jHvI2tkbJDQ==}
    engines: {node: ^20.19.0 || >=22.12.0}
    cpu: [s390x]
    os: [linux]
    libc: [glibc]

  '@rolldown/binding-linux-x64-gnu@1.0.1':
    resolution: {integrity: sha512-XABVmGp9Tg0WspTVvwduTc4fpqy6JnAUrSQe6OuyqD/03nI7r0O9OWUkMIwFrjKAIqolvqoA4ZrJppgwE0Gxmw==}
    engines: {node: ^20.19.0 || >=22.12.0}
    cpu: [x64]
    os: [linux]
    libc: [glibc]

  '@rolldown/binding-linux-x64-musl@1.0.1':
    resolution: {integrity: sha512-bV4fzswuzVcKD90o/VM6QqKxnxlDq0g2BISDLNVmxrnhpv1DDbyPhCIjYfvzYLV+MvkKKnQt2Q6AO86SEBULUQ==}
    engines: {node: ^20.19.0 || >=22.12.0}
    cpu: [x64]
    os: [linux]
    libc: [musl]

  '@rolldown/binding-openharmony-arm64@1.0.1':
    resolution: {integrity: sha512-/Mh0Zhq3OP7fVs0kcQHZP6lZEthMGTaSf8UBQYSFEZDWGXXlEC+nJ6EqenaK2t4LBXMe3A+K/G2BVXXdtOr4PQ==}
    engines: {node: ^20.19.0 || >=22.12.0}
    cpu: [arm64]
    os: [openharmony]

  '@rolldown/binding-wasm32-wasi@1.0.1':
    resolution: {integrity: sha512-+1xc9X45l8ufsBAm6Gjvx2qDRIY9lTVt0cgWNcJ+1gdhXvkbxePA60yRTwSTuXL09CMhyJmjpV7E3NoyxbqFQQ==}
    engines: {node: ^20.19.0 || >=22.12.0}
    cpu: [wasm32]

  '@rolldown/binding-win32-arm64-msvc@1.0.1':
    resolution: {integrity: sha512-1D+UqZdfnuR+Jy1GgMJwi85bD40H21uNmOPRWQhw4oRSuolZ/B5rixZ45DK2KXOTCvmVCecauWgEhbw8bI7tOw==}
    engines: {node: ^20.19.0 || >=22.12.0}
    cpu: [arm64]
    os: [win32]

  '@rolldown/binding-win32-x64-msvc@1.0.1':
    resolution: {integrity: sha512-INAycaWuhlOK3wk4mRHGsdgwYWmd9cChdPdE9bwWmy6rn9VqVNYNFGhOdXrofXUxwHIncSiPNb8tNm8knDVIeQ==}
    engines: {node: ^20.19.0 || >=22.12.0}
    cpu: [x64]
    os: [win32]

  '@rolldown/pluginutils@1.0.1':
    resolution: {integrity: sha512-2j9bGt5Jh8hj+vPtgzPtl72j0yRxHAyumoo6TNfAjsLB04UtpSvPbPcDcBMxz7n+9CYB0c1GxQFxYRg2jimqGw==}

  '@tailwindcss/node@4.3.0':
    resolution: {integrity: sha512-aFb4gUhFOgdh9AXo4IzBEOzBkkAxm9VigwDJnMIYv3lcfXCJVesNfbEaBl4BNgVRyid92AmdviqwBUBRKSeY3g==}

  '@tailwindcss/oxide-android-arm64@4.3.0':
    resolution: {integrity: sha512-TJPiq67tKlLuObP6RkwvVGDoxCMBVtDgKkLfa/uyj7/FyxvQwHS+UOnVrXXgbEsfUaMgiVvC4KbJnRr26ho4Ng==}
    engines: {node: '>= 20'}
    cpu: [arm64]
    os: [android]

  '@tailwindcss/oxide-darwin-arm64@4.3.0':
    resolution: {integrity: sha512-oMN/WZRb+SO37BmUElEgeEWuU8E/HXRkiODxJxLe1UTHVXLrdVSgfaJV7pSlhRGMSOiXLuxTIjfsF3wYvz8cgQ==}
    engines: {node: '>= 20'}
    cpu: [arm64]
    os: [darwin]

  '@tailwindcss/oxide-darwin-x64@4.3.0':
    resolution: {integrity: sha512-N6CUmu4a6bKVADfw77p+iw6Yd9Q3OBhe0veaDX+QazfuVYlQsHfDgxBrsjQ/IW+zywL8mTrNd0SdJT/zgtvMdA==}
    engines: {node: '>= 20'}
    cpu: [x64]
    os: [darwin]

  '@tailwindcss/oxide-freebsd-x64@4.3.0':
    resolution: {integrity: sha512-zDL5hBkQdH5C6MpqbK3gQAgP80tsMwSI26vjOzjJtNCMUo0lFgOItzHKBIupOZNQxt3ouPH7RPhvNhiTfCe5CQ==}
    engines: {node: '>= 20'}
    cpu: [x64]
    os: [freebsd]

  '@tailwindcss/oxide-linux-arm-gnueabihf@4.3.0':
    resolution: {integrity: sha512-R06HdNi7A7OEoMsf6d4tjZ71RCWnZQPHj2mnotSFURjNLdBC+cIgXQ7l81CqeoiQftjf6OOblxXMInMgN2VzMA==}
    engines: {node: '>= 20'}
    cpu: [arm]
    os: [linux]

  '@tailwindcss/oxide-linux-arm64-gnu@4.3.0':
    resolution: {integrity: sha512-qTJHELX8jetjhRQHCLilkVLmybpzNQAtaI/gaoVoidn/ufbNDbAo8KlK2J+yPoc8wQxvDxCmh/5lr8nC1+lTbg==}
    engines: {node: '>= 20'}
    cpu: [arm64]
    os: [linux]
    libc: [glibc]

  '@tailwindcss/oxide-linux-arm64-musl@4.3.0':
    resolution: {integrity: sha512-Z6sukiQsngnWO+l39X4pPbiWT81IC+PLKF+PHxIlyZbGNb9MODfYlXEVlFvej5BOZInWX01kVyzeLvHsXhfczQ==}
    engines: {node: '>= 20'}
    cpu: [arm64]
    os: [linux]
    libc: [musl]

  '@tailwindcss/oxide-linux-x64-gnu@4.3.0':
    resolution: {integrity: sha512-DRNdQRpSGzRGfARVuVkxvM8Q12nh19l4BF/G7zGA1oe+9wcC6saFBHTISrpIcKzhiXtSrlSrluCfvMuledoCTQ==}
    engines: {node: '>= 20'}
    cpu: [x64]
    os: [linux]
    libc: [glibc]

  '@tailwindcss/oxide-linux-x64-musl@4.3.0':
    resolution: {integrity: sha512-Z0IADbDo8bh6I7h2IQMx601AdXBLfFpEdUotft86evd/8ZPflZe9COPO8Q1vw+pfLWIUo9zN/JGZvwuAJqduqg==}
    engines: {node: '>= 20'}
    cpu: [x64]
    os: [linux]
    libc: [musl]

  '@tailwindcss/oxide-wasm32-wasi@4.3.0':
    resolution: {integrity: sha512-HNZGOUxEmElksYR7S6sC5jTeNGpobAsy9u7Gu0AskJ8/20FR9GqebUyB+HBcU/ax6BHuiuJi+Oda4B+YX6H1yA==}
    engines: {node: '>=14.0.0'}
    cpu: [wasm32]
    bundledDependencies:
      - '@napi-rs/wasm-runtime'
      - '@emnapi/core'
      - '@emnapi/runtime'
      - '@tybys/wasm-util'
      - '@emnapi/wasi-threads'
      - tslib

  '@tailwindcss/oxide-win32-arm64-msvc@4.3.0':
    resolution: {integrity: sha512-Pe+RPVTi1T+qymuuRpcdvwSVZjnll/f7n8gBxMMh3xLTctMDKqpdfGimbMyioqtLhUYZxdJ9wGNhV7MKHvgZsQ==}
    engines: {node: '>= 20'}
    cpu: [arm64]
    os: [win32]

  '@tailwindcss/oxide-win32-x64-msvc@4.3.0':
    resolution: {integrity: sha512-Mvrf2kXW/yeW/OTezZlCGOirXRcUuLIBx/5Y12BaPM7wJoryG6dfS/NJL8aBPqtTEx/Vm4T4vKzFUcKDT+TKUA==}
    engines: {node: '>= 20'}
    cpu: [x64]
    os: [win32]

  '@tailwindcss/oxide@4.3.0':
    resolution: {integrity: sha512-F7HZGBeN9I0/AuuJS5PwcD8xayx5ri5GhjYUDBEVYUkexyA/giwbDNjRVrxSezE3T250OU2K/wp/ltWx3UOefg==}
    engines: {node: '>= 20'}

  '@tailwindcss/vite@4.3.0':
    resolution: {integrity: sha512-t6J3OrB5Fc0ExuhohouH0fWUGMYL6PTLhW+E7zIk/pdbnJARZDCwjBznFnkh5ynRnIRSI4YjtTH0t6USjJISrw==}
    peerDependencies:
      vite: ^5.2.0 || ^6 || ^7 || ^8

  '@tybys/wasm-util@0.10.2':
    resolution: {integrity: sha512-RoBvJ2X0wuKlWFIjrwffGw1IqZHKQqzIchKaadZZfnNpsAYp2mM0h36JtPCjNDAHGgYez/15uMBpfGwchhiMgg==}

  '@types/node@25.9.1':
    resolution: {integrity: sha512-xfrlY7UD5rMJk3ZVJP8BNzS28J36YJg+xp+LPXV1TdWxr8uMH5A860QNxYDGQe/ylDSgjxE52Q9VnO7p75tJxg==}

  '@types/prismjs@1.26.6':
    resolution: {integrity: sha512-vqlvI7qlMvcCBbVe0AKAb4f97//Hy0EBTaiW8AalRnG/xAN5zOiWWyrNqNXeq8+KAuvRewjCVY1+IPxk4RdNYw==}

  acorn@8.16.0:
    resolution: {integrity: sha512-UVJyE9MttOsBQIDKw1skb9nAwQuR5wuGD3+82K6JgJlm/Y+KI92oNsMNGZCYdDsVtRHSak0pcV5Dno5+4jh9sw==}
    engines: {node: '>=0.4.0'}
    hasBin: true

  ansi-escapes@7.3.0:
    resolution: {integrity: sha512-BvU8nYgGQBxcmMuEeUEmNTvrMVjJNSH7RgW24vXexN4Ven6qCvy4TntnvlnwnMLTVlcRQQdbRY8NKnaIoeWDNg==}
    engines: {node: '>=18'}

  ansi-regex@6.2.2:
    resolution: {integrity: sha512-Bq3SmSpyFHaWjPk8If9yc6svM8c56dB5BAtW4Qbw5jHTwwXXcTLoRMkpDJp6VL0XzlWaCHTXrkFURMYmD0sLqg==}
    engines: {node: '>=12'}

  ansi-styles@6.2.3:
    resolution: {integrity: sha512-4Dj6M28JB+oAH8kFkTLUo+a2jwOFkuqb3yucU0CANcRRUbxS0cP0nZYCGjcc3BNXwRIsUVmDGgzawme7zvJHvg==}
    engines: {node: '>=12'}

  buffer-from@1.1.2:
    resolution: {integrity: sha512-E+XQCRwSbaaiChtv6k6Dwgc+bx+Bs6vuKJHHl5kox/BaKbhiXzqQOwK4cO22yElGp2OCmjwVhT3HmxgyPGnJfQ==}

  cli-cursor@5.0.0:
    resolution: {integrity: sha512-aCj4O5wKyszjMmDT4tZj93kxyydN/K5zPWSCe6/0AV/AA1pqe5ZBIw0a2ZfPQV7lL5/yb5HsUreJ6UFAF1tEQw==}
    engines: {node: '>=18'}

  cli-truncate@5.2.0:
    resolution: {integrity: sha512-xRwvIOMGrfOAnM1JYtqQImuaNtDEv9v6oIYAs4LIHwTiKee8uwvIi363igssOC0O5U04i4AlENs79LQLu9tEMw==}
    engines: {node: '>=20'}

  clsx@2.1.1:
    resolution: {integrity: sha512-eYm0QWBtUrBWZWG0d386OGAw16Z995PiOVo2B7bjWSbHedGl5e0ZWaq65kOGgUSNesEIDkB9ISbTg/JK9dhCZA==}
    engines: {node: '>=6'}

  colorette@2.0.20:
    resolution: {integrity: sha512-IfEDxwoWIjkeXL1eXcDiow4UbKjhLdq6/EuSVR9GMN7KVH3r9gQ83e73hsz1Nd1T3ijd5xv1wcWRYO+D6kCI2w==}

  colorjs.io@0.6.1:
    resolution: {integrity: sha512-8lyR2wHzuIykCpqHKgluGsqQi5iDm3/a2IgP2GBZrasn2sBRkE4NOGsglZxWLs/jZQoNkmA/KM/8NV16rLUdBg==}

  commander@14.0.3:
    resolution: {integrity: sha512-H+y0Jo/T1RZ9qPP4Eh1pkcQcLRglraJaSLoyOtHxu6AapkjWVCy2Sit1QQ4x3Dng8qDlSsZEet7g5Pq06MvTgw==}
    engines: {node: '>=20'}

  commander@2.20.3:
    resolution: {integrity: sha512-GpVkmM8vF2vQUkj2LvZmD35JxeJOLCwJ9cUkugyk2nuhbv3+mJvpLYYt+0+USMxE+oj+ey/lJEnhZw75x/OMcQ==}

  detect-libc@2.1.2:
    resolution: {integrity: sha512-Btj2BOOO83o3WyH59e8MgXsxEQVcarkUOpEYrubB0urwnN10yQ364rsiByU11nZlqWYZm05i/of7io4mzihBtQ==}
    engines: {node: '>=8'}

  emoji-regex@10.6.0:
    resolution: {integrity: sha512-toUI84YS5YmxW219erniWD0CIVOo46xGKColeNQRgOzDorgBi1v4D71/OFzgD9GO2UGKIv1C3Sp8DAn0+j5w7A==}

  enhanced-resolve@5.21.5:
    resolution: {integrity: sha512-mLCNbrQli11K1ySUmuNt4ZUB3OpGIDq4q2vTBTf5cL2lpsRjI9QKqSD0ndjW8FyvcW/Jj46gMe9syyHAsvMa/A==}
    engines: {node: '>=10.13.0'}

  environment@1.1.0:
    resolution: {integrity: sha512-xUtoPkMggbz0MPyPiIWr1Kp4aeWJjDZ6SMvURhimjdZgsRuDplF5/s9hcgGhyXMhs+6vpnuoiZ2kFiu3FMnS8Q==}
    engines: {node: '>=18'}

  eventemitter3@5.0.4:
    resolution: {integrity: sha512-mlsTRyGaPBjPedk6Bvw+aqbsXDtoAyAzm5MO7JgU+yVRyMQ5O8bD4Kcci7BS85f93veegeCPkL8R4GLClnjLFw==}

  fdir@6.5.0:
    resolution: {integrity: sha512-tIbYtZbucOs0BRGqPJkshJUYdL+SDH7dVM8gjy+ERp3WAUjLEFJE+02kanyHtwjWOnwrKYBiwAmM0p4kLJAnXg==}
    engines: {node: '>=12.0.0'}
    peerDependencies:
      picomatch: ^3 || ^4
    peerDependenciesMeta:
      picomatch:
        optional: true

  fsevents@2.3.3:
    resolution: {integrity: sha512-5xoDfX+fL7faATnagmWPpbFtwh/R77WmMMqqHGS65C3vvB0YHrgF+B1YmZ3441tMj5n63k0212XNoJwzlhffQw==}
    engines: {node: ^8.16.0 || ^10.6.0 || >=11.0.0}
    os: [darwin]

  get-east-asian-width@1.6.0:
    resolution: {integrity: sha512-QRbvDIbx6YklUe6RxeTeleMR0yv3cYH6PsPZHcnVn7xv7zO1BHN8r0XETu8n6Ye3Q+ahtSarc3WgtNWmehIBfA==}
    engines: {node: '>=18'}

  graceful-fs@4.2.11:
    resolution: {integrity: sha512-RbJ5/jmFcNNCcDV5o9eTnBLJ/HszWV0P73bc+Ff4nS/rJj+YaS6IGyiOL0VoBYX+l1Wrl3k63h/KrH+nhJ0XvQ==}

  husky@9.1.7:
    resolution: {integrity: sha512-5gs5ytaNjBrh5Ow3zrvdUUY+0VxIuWVL4i9irt6friV+BqdCfmV11CQTWMiBYWHbXhco+J1kHfTOUkePhCDvMA==}
    engines: {node: '>=18'}
    hasBin: true

  is-fullwidth-code-point@5.1.0:
    resolution: {integrity: sha512-5XHYaSyiqADb4RnZ1Bdad6cPp8Toise4TzEjcOYDHZkTCbKgiUl7WTUCpNWHuxmDt91wnsZBc9xinNzopv3JMQ==}
    engines: {node: '>=18'}

  jiti@2.7.0:
    resolution: {integrity: sha512-AC/7JofJvZGrrneWNaEnJeOLUx+JlGt7tNa0wZiRPT4MY1wmfKjt2+6O2p2uz2+skll8OZZmJMNqeke7kKbNgQ==}
    hasBin: true

  lightningcss-android-arm64@1.32.0:
    resolution: {integrity: sha512-YK7/ClTt4kAK0vo6w3X+Pnm0D2cf2vPHbhOXdoNti1Ga0al1P4TBZhwjATvjNwLEBCnKvjJc2jQgHXH0NEwlAg==}
    engines: {node: '>= 12.0.0'}
    cpu: [arm64]
    os: [android]

  lightningcss-darwin-arm64@1.32.0:
    resolution: {integrity: sha512-RzeG9Ju5bag2Bv1/lwlVJvBE3q6TtXskdZLLCyfg5pt+HLz9BqlICO7LZM7VHNTTn/5PRhHFBSjk5lc4cmscPQ==}
    engines: {node: '>= 12.0.0'}
    cpu: [arm64]
    os: [darwin]

  lightningcss-darwin-x64@1.32.0:
    resolution: {integrity: sha512-U+QsBp2m/s2wqpUYT/6wnlagdZbtZdndSmut/NJqlCcMLTWp5muCrID+K5UJ6jqD2BFshejCYXniPDbNh73V8w==}
    engines: {node: '>= 12.0.0'}
    cpu: [x64]
    os: [darwin]

  lightningcss-freebsd-x64@1.32.0:
    resolution: {integrity: sha512-JCTigedEksZk3tHTTthnMdVfGf61Fky8Ji2E4YjUTEQX14xiy/lTzXnu1vwiZe3bYe0q+SpsSH/CTeDXK6WHig==}
    engines: {node: '>= 12.0.0'}
    cpu: [x64]
    os: [freebsd]

  lightningcss-linux-arm-gnueabihf@1.32.0:
    resolution: {integrity: sha512-x6rnnpRa2GL0zQOkt6rts3YDPzduLpWvwAF6EMhXFVZXD4tPrBkEFqzGowzCsIWsPjqSK+tyNEODUBXeeVHSkw==}
    engines: {node: '>= 12.0.0'}
    cpu: [arm]
    os: [linux]

  lightningcss-linux-arm64-gnu@1.32.0:
    resolution: {integrity: sha512-0nnMyoyOLRJXfbMOilaSRcLH3Jw5z9HDNGfT/gwCPgaDjnx0i8w7vBzFLFR1f6CMLKF8gVbebmkUN3fa/kQJpQ==}
    engines: {node: '>= 12.0.0'}
    cpu: [arm64]
    os: [linux]
    libc: [glibc]

  lightningcss-linux-arm64-musl@1.32.0:
    resolution: {integrity: sha512-UpQkoenr4UJEzgVIYpI80lDFvRmPVg6oqboNHfoH4CQIfNA+HOrZ7Mo7KZP02dC6LjghPQJeBsvXhJod/wnIBg==}
    engines: {node: '>= 12.0.0'}
    cpu: [arm64]
    os: [linux]
    libc: [musl]

  lightningcss-linux-x64-gnu@1.32.0:
    resolution: {integrity: sha512-V7Qr52IhZmdKPVr+Vtw8o+WLsQJYCTd8loIfpDaMRWGUZfBOYEJeyJIkqGIDMZPwPx24pUMfwSxxI8phr/MbOA==}
    engines: {node: '>= 12.0.0'}
    cpu: [x64]
    os: [linux]
    libc: [glibc]

  lightningcss-linux-x64-musl@1.32.0:
    resolution: {integrity: sha512-bYcLp+Vb0awsiXg/80uCRezCYHNg1/l3mt0gzHnWV9XP1W5sKa5/TCdGWaR/zBM2PeF/HbsQv/j2URNOiVuxWg==}
    engines: {node: '>= 12.0.0'}
    cpu: [x64]
    os: [linux]
    libc: [musl]

  lightningcss-win32-arm64-msvc@1.32.0:
    resolution: {integrity: sha512-8SbC8BR40pS6baCM8sbtYDSwEVQd4JlFTOlaD3gWGHfThTcABnNDBda6eTZeqbofalIJhFx0qKzgHJmcPTnGdw==}
    engines: {node: '>= 12.0.0'}
    cpu: [arm64]
    os: [win32]

  lightningcss-win32-x64-msvc@1.32.0:
    resolution: {integrity: sha512-Amq9B/SoZYdDi1kFrojnoqPLxYhQ4Wo5XiL8EVJrVsB8ARoC1PWW6VGtT0WKCemjy8aC+louJnjS7U18x3b06Q==}
    engines: {node: '>= 12.0.0'}
    cpu: [x64]
    os: [win32]

  lightningcss@1.32.0:
    resolution: {integrity: sha512-NXYBzinNrblfraPGyrbPoD19C1h9lfI/1mzgWYvXUTe414Gz/X1FD2XBZSZM7rRTrMA8JL3OtAaGifrIKhQ5yQ==}
    engines: {node: '>= 12.0.0'}

  lint-staged@16.4.0:
    resolution: {integrity: sha512-lBWt8hujh/Cjysw5GYVmZpFHXDCgZzhrOm8vbcUdobADZNOK/bRshr2kM3DfgrrtR1DQhfupW9gnIXOfiFi+bw==}
    engines: {node: '>=20.17'}
    hasBin: true

  listr2@9.0.5:
    resolution: {integrity: sha512-ME4Fb83LgEgwNw96RKNvKV4VTLuXfoKudAmm2lP8Kk87KaMK0/Xrx/aAkMWmT8mDb+3MlFDspfbCs7adjRxA2g==}
    engines: {node: '>=20.0.0'}

  log-update@6.1.0:
    resolution: {integrity: sha512-9ie8ItPR6tjY5uYJh8K/Zrv/RMZ5VOlOWvtZdEHYSTFKZfIBPQa9tOAEeAWhd+AnIneLJ22w5fjOYtoutpWq5w==}
    engines: {node: '>=18'}

  magic-string@0.30.21:
    resolution: {integrity: sha512-vd2F4YUyEXKGcLHoq+TEyCjxueSeHnFxyyjNp80yg0XV4vUhnDer/lvvlqM/arB5bXQN5K2/3oinyCRyx8T2CQ==}

  mimic-function@5.0.1:
    resolution: {integrity: sha512-VP79XUPxV2CigYP3jWwAUFSku2aKqBH7uTAapFWCBqutsbmDo96KY5o8uh6U+/YSIn5OxJnXp73beVkpqMIGhA==}
    engines: {node: '>=18'}

  nanoid@3.3.12:
    resolution: {integrity: sha512-ZB9RH/39qpq5Vu6Y+NmUaFhQR6pp+M2Xt76XBnEwDaGcVAqhlvxrl3B2bKS5D3NH3QR76v3aSrKaF/Kiy7lEtQ==}
    engines: {node: ^10 || ^12 || ^13.7 || ^14 || >=15.0.1}
    hasBin: true

  onetime@7.0.0:
    resolution: {integrity: sha512-VXJjc87FScF88uafS3JllDgvAm+c/Slfz06lorj2uAY34rlUu0Nt+v8wreiImcrgAjjIHp1rXpTDlLOGw29WwQ==}
    engines: {node: '>=18'}

  picocolors@1.1.1:
    resolution: {integrity: sha512-xceH2snhtb5M9liqDsmEw56le376mTZkEX/jEb/RxNFyegNul7eNslCXP9FDj/Lcu0X8KEyMceP2ntpaHrDEVA==}

  picomatch@4.0.4:
    resolution: {integrity: sha512-QP88BAKvMam/3NxH6vj2o21R6MjxZUAd6nlwAS/pnGvN9IVLocLHxGYIzFhg6fUQ+5th6P4dv4eW9jX3DSIj7A==}
    engines: {node: '>=12'}

  postcss@8.5.15:
    resolution: {integrity: sha512-FfR8sjd4em2T6fb3I2MwAJU7HWVMr9zba+enmQeeWFfCbm+UOC/0X4DS8XtpUTMwWMGbjKYP7xjfNekzyGmB3A==}
    engines: {node: ^10 || ^12 || >=14}

  prettier-plugin-tailwindcss@0.8.0:
    resolution: {integrity: sha512-V8ITGH87yuBDF6JpEZTOVlUz/saAwqb8f3HRgUj8Lh+tGCcrmorhsLpYqzygwFwK0PE2Ib6Mv3M7T/uE2tZV1g==}
    engines: {node: '>=20.19'}
    peerDependencies:
      '@ianvs/prettier-plugin-sort-imports': '*'
      '@prettier/plugin-hermes': '*'
      '@prettier/plugin-oxc': '*'
      '@prettier/plugin-pug': '*'
      '@shopify/prettier-plugin-liquid': '*'
      '@trivago/prettier-plugin-sort-imports': '*'
      '@zackad/prettier-plugin-twig': '*'
      prettier: ^3.0
      prettier-plugin-astro: '*'
      prettier-plugin-css-order: '*'
      prettier-plugin-jsdoc: '*'
      prettier-plugin-marko: '*'
      prettier-plugin-multiline-arrays: '*'
      prettier-plugin-organize-attributes: '*'
      prettier-plugin-organize-imports: '*'
      prettier-plugin-sort-imports: '*'
      prettier-plugin-svelte: '*'
    peerDependenciesMeta:
      '@ianvs/prettier-plugin-sort-imports':
        optional: true
      '@prettier/plugin-hermes':
        optional: true
      '@prettier/plugin-oxc':
        optional: true
      '@prettier/plugin-pug':
        optional: true
      '@shopify/prettier-plugin-liquid':
        optional: true
      '@trivago/prettier-plugin-sort-imports':
        optional: true
      '@zackad/prettier-plugin-twig':
        optional: true
      prettier-plugin-astro:
        optional: true
      prettier-plugin-css-order:
        optional: true
      prettier-plugin-jsdoc:
        optional: true
      prettier-plugin-marko:
        optional: true
      prettier-plugin-multiline-arrays:
        optional: true
      prettier-plugin-organize-attributes:
        optional: true
      prettier-plugin-organize-imports:
        optional: true
      prettier-plugin-sort-imports:
        optional: true
      prettier-plugin-svelte:
        optional: true

  prettier@3.8.3:
    resolution: {integrity: sha512-7igPTM53cGHMW8xWuVTydi2KO233VFiTNyF5hLJqpilHfmn8C8gPf+PS7dUT64YcXFbiMGZxS9pCSxL/Dxm/Jw==}
    engines: {node: '>=14'}
    hasBin: true

  prism-react-renderer@2.4.1:
    resolution: {integrity: sha512-ey8Ls/+Di31eqzUxC46h8MksNuGx/n0AAC8uKpwFau4RPDYLuE3EXTp8N8G2vX2N7UC/+IXeNUnlWBGGcAG+Ig==}
    peerDependencies:
      react: '>=16.0.0'

  react@19.2.6:
    resolution: {integrity: sha512-sfWGGfavi0xr8Pg0sVsyHMAOziVYKgPLNrS7ig+ivMNb3wbCBw3KxtflsGBAwD3gYQlE/AEZsTLgToRrSCjb0Q==}
    engines: {node: '>=0.10.0'}

  restore-cursor@5.1.0:
    resolution: {integrity: sha512-oMA2dcrw6u0YfxJQXm342bFKX/E4sG9rbTzO9ptUcR/e8A33cHuvStiYOwH7fszkZlZ1z/ta9AAoPk2F4qIOHA==}
    engines: {node: '>=18'}

  rfdc@1.4.1:
    resolution: {integrity: sha512-q1b3N5QkRUWUl7iyylaaj3kOpIT0N2i9MqIEQXP73GVsN9cw3fdx8X63cEmWhJGi2PPCF23Ijp7ktmd39rawIA==}

  rolldown@1.0.1:
    resolution: {integrity: sha512-X0KQHljNnEkWNqqiz9zJrGunh1B0HgOxLXvnFpCOcadzcy5qohZ3tqMEUg00vncoRovXuK3ZqCT9KnnKzoInFQ==}
    engines: {node: ^20.19.0 || >=22.12.0}
    hasBin: true

  signal-exit@4.1.0:
    resolution: {integrity: sha512-bzyZ1e88w9O1iNJbKnOlvYTrWPDl46O1bG0D3XInv+9tkPrxrN8jUUTiFlDkkmKWgn1M6CfIA13SuGqOa9Korw==}
    engines: {node: '>=14'}

  slice-ansi@7.1.2:
    resolution: {integrity: sha512-iOBWFgUX7caIZiuutICxVgX1SdxwAVFFKwt1EvMYYec/NWO5meOJ6K5uQxhrYBdQJne4KxiqZc+KptFOWFSI9w==}
    engines: {node: '>=18'}

  slice-ansi@8.0.0:
    resolution: {integrity: sha512-stxByr12oeeOyY2BlviTNQlYV5xOj47GirPr4yA1hE9JCtxfQN0+tVbkxwCtYDQWhEKWFHsEK48ORg5jrouCAg==}
    engines: {node: '>=20'}

  source-map-js@1.2.1:
    resolution: {integrity: sha512-UXWMKhLOwVKb728IUtQPXxfYU+usdybtUrK/8uGE8CQMvrhOpwvzDBwj0QhSL7MQc7vIsISBG8VQ8+IDQxpfQA==}
    engines: {node: '>=0.10.0'}

  source-map-support@0.5.21:
    resolution: {integrity: sha512-uBHU3L3czsIyYXKX88fdrGovxdSCoTGDRZ6SYXtSRxLZUzHg5P/66Ht6uoUlHu9EZod+inXhKo3qQgwXUT/y1w==}

  source-map@0.6.1:
    resolution: {integrity: sha512-UjgapumWlbMhkBgzT7Ykc5YXUT46F0iKu8SGXq0bcwP5dz/h0Plj6enJqjz1Zbq2l5WaqYnrVbwWOWMyF3F47g==}
    engines: {node: '>=0.10.0'}

  string-argv@0.3.2:
    resolution: {integrity: sha512-aqD2Q0144Z+/RqG52NeHEkZauTAUWJO8c6yTftGJKO3Tja5tUgIfmIl6kExvhtxSDP7fXB6DvzkfMpCd/F3G+Q==}
    engines: {node: '>=0.6.19'}

  string-width@7.2.0:
    resolution: {integrity: sha512-tsaTIkKW9b4N+AEj+SVA+WhJzV7/zMhcSu78mLKWSk7cXMOSHsBKFWUs0fWwq8QyK3MgJBQRX6Gbi4kYbdvGkQ==}
    engines: {node: '>=18'}

  string-width@8.2.1:
    resolution: {integrity: sha512-IIaP0g3iy9Cyy18w3M9YcaDudujEAVHKt3a3QJg1+sr/oX96TbaGUubG0hJyCjCBThFH+tFpcIyoUHUn1ogaLA==}
    engines: {node: '>=20'}

  strip-ansi@7.2.0:
    resolution: {integrity: sha512-yDPMNjp4WyfYBkHnjIRLfca1i6KMyGCtsVgoKe/z1+6vukgaENdgGBZt+ZmKPc4gavvEZ5OgHfHdrazhgNyG7w==}
    engines: {node: '>=12'}

  tailwind-scrollbar@4.0.2:
    resolution: {integrity: sha512-wAQiIxAPqk0MNTPptVe/xoyWi27y+NRGnTwvn4PQnbvB9kp8QUBiGl/wsfoVBHnQxTmhXJSNt9NHTmcz9EivFA==}
    engines: {node: '>=12.13.0'}
    peerDependencies:
      tailwindcss: 4.x

  tailwindcss@4.3.0:
    resolution: {integrity: sha512-y6nxMGB1nMW9R6k96e5gdIFzcfL/gTJRNaqGes1YvkLnPVXzWgbqFF2yLC0T8G774n24cx3Pe8XrKoniCOAH+Q==}

  tapable@2.3.3:
    resolution: {integrity: sha512-uxc/zpqFg6x7C8vOE7lh6Lbda8eEL9zmVm/PLeTPBRhh1xCgdWaQ+J1CUieGpIfm2HdtsUpRv+HshiasBMcc6A==}
    engines: {node: '>=6'}

  terser@5.47.1:
    resolution: {integrity: sha512-tPbLXTI6ohPASb/1YViL428oEHu6/qv1OxqYnfaonVCFHqx4+wCd95pHrQWsL5X4pl90CTyW9piSAsS2L0VoMw==}
    engines: {node: '>=10'}
    hasBin: true

  tinyexec@1.2.4:
    resolution: {integrity: sha512-SHf/r48b7vOrjve9PxJo3MN5v5yuyjHvdUcrQffT3WXMUfnGmHDVbC4k3sHJaJTgZCwpUplIaAo5ANtMyp3YHg==}
    engines: {node: '>=18'}

  tinyglobby@0.2.16:
    resolution: {integrity: sha512-pn99VhoACYR8nFHhxqix+uvsbXineAasWm5ojXoN8xEwK5Kd3/TrhNn1wByuD52UxWRLy8pu+kRMniEi6Eq9Zg==}
    engines: {node: '>=12.0.0'}

  tslib@2.8.1:
    resolution: {integrity: sha512-oJFu94HQb+KVduSUQL7wnpmqnfmLsOA/nAh6b6EH0wCEoK0/mPeXU6c3wKDV83MkOuHPRHtSXKKU99IBazS/2w==}

  tw-animate-css@1.4.0:
    resolution: {integrity: sha512-7bziOlRqH0hJx80h/3mbicLW7o8qLsH5+RaLR2t+OHM3D0JlWGODQKQ4cxbK7WlvmUxpcj6Kgu6EKqjrGFe3QQ==}

  undici-types@7.24.6:
    resolution: {integrity: sha512-WRNW+sJgj5OBN4/0JpHFqtqzhpbnV0GuB+OozA9gCL7a993SmU+1JBZCzLNxYsbMfIeDL+lTsphD5jN5N+n0zg==}

  vite@8.0.13:
    resolution: {integrity: sha512-MFtjBYgzmSxmgA4RAfjIyXWpGe1oALnjgUTzzV7QLx/TKxCzjtMH6Fd9/eVK+5Fg1qNoz5VAwsmMs/NofrmJvw==}
    engines: {node: ^20.19.0 || >=22.12.0}
    hasBin: true
    peerDependencies:
      '@types/node': ^20.19.0 || >=22.12.0
      '@vitejs/devtools': ^0.1.18
      esbuild: ^0.27.0 || ^0.28.0
      jiti: '>=1.21.0'
      less: ^4.0.0
      sass: ^1.70.0
      sass-embedded: ^1.70.0
      stylus: '>=0.54.8'
      sugarss: ^5.0.0
      terser: ^5.16.0
      tsx: ^4.8.1
      yaml: ^2.4.2
    peerDependenciesMeta:
      '@types/node':
        optional: true
      '@vitejs/devtools':
        optional: true
      esbuild:
        optional: true
      jiti:
        optional: true
      less:
        optional: true
      sass:
        optional: true
      sass-embedded:
        optional: true
      stylus:
        optional: true
      sugarss:
        optional: true
      terser:
        optional: true
      tsx:
        optional: true
      yaml:
        optional: true

  wrap-ansi@9.0.2:
    resolution: {integrity: sha512-42AtmgqjV+X1VpdOfyTGOYRi0/zsoLqtXQckTmqTeybT+BDIbM/Guxo7x3pE2vtpr1ok6xRqM9OpBe+Jyoqyww==}
    engines: {node: '>=18'}

  yaml@2.9.0:
    resolution: {integrity: sha512-2AvhNX3mb8zd6Zy7INTtSpl1F15HW6Wnqj0srWlkKLcpYl/gMIMJiyuGq2KeI2YFxUPjdlB+3Lc10seMLtL4cA==}
    engines: {node: '>= 14.6'}
    hasBin: true

snapshots:

  '@emnapi/core@1.10.0':
    dependencies:
      '@emnapi/wasi-threads': 1.2.1
      tslib: 2.8.1
    optional: true

  '@emnapi/runtime@1.10.0':
    dependencies:
      tslib: 2.8.1
    optional: true

  '@emnapi/wasi-threads@1.2.1':
    dependencies:
      tslib: 2.8.1
    optional: true

  '@fontsource-variable/inter@5.2.8': {}

  '@jridgewell/gen-mapping@0.3.13':
    dependencies:
      '@jridgewell/sourcemap-codec': 1.5.5
      '@jridgewell/trace-mapping': 0.3.31

  '@jridgewell/remapping@2.3.5':
    dependencies:
      '@jridgewell/gen-mapping': 0.3.13
      '@jridgewell/trace-mapping': 0.3.31

  '@jridgewell/resolve-uri@3.1.2': {}

  '@jridgewell/source-map@0.3.11':
    dependencies:
      '@jridgewell/gen-mapping': 0.3.13
      '@jridgewell/trace-mapping': 0.3.31

  '@jridgewell/sourcemap-codec@1.5.5': {}

  '@jridgewell/trace-mapping@0.3.31':
    dependencies:
      '@jridgewell/resolve-uri': 3.1.2
      '@jridgewell/sourcemap-codec': 1.5.5

  '@napi-rs/wasm-runtime@1.1.4(@emnapi/core@1.10.0)(@emnapi/runtime@1.10.0)':
    dependencies:
      '@emnapi/core': 1.10.0
      '@emnapi/runtime': 1.10.0
      '@tybys/wasm-util': 0.10.2
    optional: true

  '@oxc-project/types@0.130.0': {}

  '@rolldown/binding-android-arm64@1.0.1':
    optional: true

  '@rolldown/binding-darwin-arm64@1.0.1':
    optional: true

  '@rolldown/binding-darwin-x64@1.0.1':
    optional: true

  '@rolldown/binding-freebsd-x64@1.0.1':
    optional: true

  '@rolldown/binding-linux-arm-gnueabihf@1.0.1':
    optional: true

  '@rolldown/binding-linux-arm64-gnu@1.0.1':
    optional: true

  '@rolldown/binding-linux-arm64-musl@1.0.1':
    optional: true

  '@rolldown/binding-linux-ppc64-gnu@1.0.1':
    optional: true

  '@rolldown/binding-linux-s390x-gnu@1.0.1':
    optional: true

  '@rolldown/binding-linux-x64-gnu@1.0.1':
    optional: true

  '@rolldown/binding-linux-x64-musl@1.0.1':
    optional: true

  '@rolldown/binding-openharmony-arm64@1.0.1':
    optional: true

  '@rolldown/binding-wasm32-wasi@1.0.1':
    dependencies:
      '@emnapi/core': 1.10.0
      '@emnapi/runtime': 1.10.0
      '@napi-rs/wasm-runtime': 1.1.4(@emnapi/core@1.10.0)(@emnapi/runtime@1.10.0)
    optional: true

  '@rolldown/binding-win32-arm64-msvc@1.0.1':
    optional: true

  '@rolldown/binding-win32-x64-msvc@1.0.1':
    optional: true

  '@rolldown/pluginutils@1.0.1': {}

  '@tailwindcss/node@4.3.0':
    dependencies:
      '@jridgewell/remapping': 2.3.5
      enhanced-resolve: 5.21.5
      jiti: 2.7.0
      lightningcss: 1.32.0
      magic-string: 0.30.21
      source-map-js: 1.2.1
      tailwindcss: 4.3.0

  '@tailwindcss/oxide-android-arm64@4.3.0':
    optional: true

  '@tailwindcss/oxide-darwin-arm64@4.3.0':
    optional: true

  '@tailwindcss/oxide-darwin-x64@4.3.0':
    optional: true

  '@tailwindcss/oxide-freebsd-x64@4.3.0':
    optional: true

  '@tailwindcss/oxide-linux-arm-gnueabihf@4.3.0':
    optional: true

  '@tailwindcss/oxide-linux-arm64-gnu@4.3.0':
    optional: true

  '@tailwindcss/oxide-linux-arm64-musl@4.3.0':
    optional: true

  '@tailwindcss/oxide-linux-x64-gnu@4.3.0':
    optional: true

  '@tailwindcss/oxide-linux-x64-musl@4.3.0':
    optional: true

  '@tailwindcss/oxide-wasm32-wasi@4.3.0':
    optional: true

  '@tailwindcss/oxide-win32-arm64-msvc@4.3.0':
    optional: true

  '@tailwindcss/oxide-win32-x64-msvc@4.3.0':
    optional: true

  '@tailwindcss/oxide@4.3.0':
    optionalDependencies:
      '@tailwindcss/oxide-android-arm64': 4.3.0
      '@tailwindcss/oxide-darwin-arm64': 4.3.0
      '@tailwindcss/oxide-darwin-x64': 4.3.0
      '@tailwindcss/oxide-freebsd-x64': 4.3.0
      '@tailwindcss/oxide-linux-arm-gnueabihf': 4.3.0
      '@tailwindcss/oxide-linux-arm64-gnu': 4.3.0
      '@tailwindcss/oxide-linux-arm64-musl': 4.3.0
      '@tailwindcss/oxide-linux-x64-gnu': 4.3.0
      '@tailwindcss/oxide-linux-x64-musl': 4.3.0
      '@tailwindcss/oxide-wasm32-wasi': 4.3.0
      '@tailwindcss/oxide-win32-arm64-msvc': 4.3.0
      '@tailwindcss/oxide-win32-x64-msvc': 4.3.0

  '@tailwindcss/vite@4.3.0(vite@8.0.13(@types/node@25.9.1)(jiti@2.7.0)(terser@5.47.1)(yaml@2.9.0))':
    dependencies:
      '@tailwindcss/node': 4.3.0
      '@tailwindcss/oxide': 4.3.0
      tailwindcss: 4.3.0
      vite: 8.0.13(@types/node@25.9.1)(jiti@2.7.0)(terser@5.47.1)(yaml@2.9.0)

  '@tybys/wasm-util@0.10.2':
    dependencies:
      tslib: 2.8.1
    optional: true

  '@types/node@25.9.1':
    dependencies:
      undici-types: 7.24.6

  '@types/prismjs@1.26.6': {}

  acorn@8.16.0: {}

  ansi-escapes@7.3.0:
    dependencies:
      environment: 1.1.0

  ansi-regex@6.2.2: {}

  ansi-styles@6.2.3: {}

  buffer-from@1.1.2: {}

  cli-cursor@5.0.0:
    dependencies:
      restore-cursor: 5.1.0

  cli-truncate@5.2.0:
    dependencies:
      slice-ansi: 8.0.0
      string-width: 8.2.1

  clsx@2.1.1: {}

  colorette@2.0.20: {}

  colorjs.io@0.6.1: {}

  commander@14.0.3: {}

  commander@2.20.3: {}

  detect-libc@2.1.2: {}

  emoji-regex@10.6.0: {}

  enhanced-resolve@5.21.5:
    dependencies:
      graceful-fs: 4.2.11
      tapable: 2.3.3

  environment@1.1.0: {}

  eventemitter3@5.0.4: {}

  fdir@6.5.0(picomatch@4.0.4):
    optionalDependencies:
      picomatch: 4.0.4

  fsevents@2.3.3:
    optional: true

  get-east-asian-width@1.6.0: {}

  graceful-fs@4.2.11: {}

  husky@9.1.7: {}

  is-fullwidth-code-point@5.1.0:
    dependencies:
      get-east-asian-width: 1.6.0

  jiti@2.7.0: {}

  lightningcss-android-arm64@1.32.0:
    optional: true

  lightningcss-darwin-arm64@1.32.0:
    optional: true

  lightningcss-darwin-x64@1.32.0:
    optional: true

  lightningcss-freebsd-x64@1.32.0:
    optional: true

  lightningcss-linux-arm-gnueabihf@1.32.0:
    optional: true

  lightningcss-linux-arm64-gnu@1.32.0:
    optional: true

  lightningcss-linux-arm64-musl@1.32.0:
    optional: true

  lightningcss-linux-x64-gnu@1.32.0:
    optional: true

  lightningcss-linux-x64-musl@1.32.0:
    optional: true

  lightningcss-win32-arm64-msvc@1.32.0:
    optional: true

  lightningcss-win32-x64-msvc@1.32.0:
    optional: true

  lightningcss@1.32.0:
    dependencies:
      detect-libc: 2.1.2
    optionalDependencies:
      lightningcss-android-arm64: 1.32.0
      lightningcss-darwin-arm64: 1.32.0
      lightningcss-darwin-x64: 1.32.0
      lightningcss-freebsd-x64: 1.32.0
      lightningcss-linux-arm-gnueabihf: 1.32.0
      lightningcss-linux-arm64-gnu: 1.32.0
      lightningcss-linux-arm64-musl: 1.32.0
      lightningcss-linux-x64-gnu: 1.32.0
      lightningcss-linux-x64-musl: 1.32.0
      lightningcss-win32-arm64-msvc: 1.32.0
      lightningcss-win32-x64-msvc: 1.32.0

  lint-staged@16.4.0:
    dependencies:
      commander: 14.0.3
      listr2: 9.0.5
      picomatch: 4.0.4
      string-argv: 0.3.2
      tinyexec: 1.2.4
      yaml: 2.9.0

  listr2@9.0.5:
    dependencies:
      cli-truncate: 5.2.0
      colorette: 2.0.20
      eventemitter3: 5.0.4
      log-update: 6.1.0
      rfdc: 1.4.1
      wrap-ansi: 9.0.2

  log-update@6.1.0:
    dependencies:
      ansi-escapes: 7.3.0
      cli-cursor: 5.0.0
      slice-ansi: 7.1.2
      strip-ansi: 7.2.0
      wrap-ansi: 9.0.2

  magic-string@0.30.21:
    dependencies:
      '@jridgewell/sourcemap-codec': 1.5.5

  mimic-function@5.0.1: {}

  nanoid@3.3.12: {}

  onetime@7.0.0:
    dependencies:
      mimic-function: 5.0.1

  picocolors@1.1.1: {}

  picomatch@4.0.4: {}

  postcss@8.5.15:
    dependencies:
      nanoid: 3.3.12
      picocolors: 1.1.1
      source-map-js: 1.2.1

  prettier-plugin-tailwindcss@0.8.0(prettier@3.8.3):
    dependencies:
      prettier: 3.8.3

  prettier@3.8.3: {}

  prism-react-renderer@2.4.1(react@19.2.6):
    dependencies:
      '@types/prismjs': 1.26.6
      clsx: 2.1.1
      react: 19.2.6

  react@19.2.6: {}

  restore-cursor@5.1.0:
    dependencies:
      onetime: 7.0.0
      signal-exit: 4.1.0

  rfdc@1.4.1: {}

  rolldown@1.0.1:
    dependencies:
      '@oxc-project/types': 0.130.0
      '@rolldown/pluginutils': 1.0.1
    optionalDependencies:
      '@rolldown/binding-android-arm64': 1.0.1
      '@rolldown/binding-darwin-arm64': 1.0.1
      '@rolldown/binding-darwin-x64': 1.0.1
      '@rolldown/binding-freebsd-x64': 1.0.1
      '@rolldown/binding-linux-arm-gnueabihf': 1.0.1
      '@rolldown/binding-linux-arm64-gnu': 1.0.1
      '@rolldown/binding-linux-arm64-musl': 1.0.1
      '@rolldown/binding-linux-ppc64-gnu': 1.0.1
      '@rolldown/binding-linux-s390x-gnu': 1.0.1
      '@rolldown/binding-linux-x64-gnu': 1.0.1
      '@rolldown/binding-linux-x64-musl': 1.0.1
      '@rolldown/binding-openharmony-arm64': 1.0.1
      '@rolldown/binding-wasm32-wasi': 1.0.1
      '@rolldown/binding-win32-arm64-msvc': 1.0.1
      '@rolldown/binding-win32-x64-msvc': 1.0.1

  signal-exit@4.1.0: {}

  slice-ansi@7.1.2:
    dependencies:
      ansi-styles: 6.2.3
      is-fullwidth-code-point: 5.1.0

  slice-ansi@8.0.0:
    dependencies:
      ansi-styles: 6.2.3
      is-fullwidth-code-point: 5.1.0

  source-map-js@1.2.1: {}

  source-map-support@0.5.21:
    dependencies:
      buffer-from: 1.1.2
      source-map: 0.6.1

  source-map@0.6.1: {}

  string-argv@0.3.2: {}

  string-width@7.2.0:
    dependencies:
      emoji-regex: 10.6.0
      get-east-asian-width: 1.6.0
      strip-ansi: 7.2.0

  string-width@8.2.1:
    dependencies:
      get-east-asian-width: 1.6.0
      strip-ansi: 7.2.0

  strip-ansi@7.2.0:
    dependencies:
      ansi-regex: 6.2.2

  tailwind-scrollbar@4.0.2(react@19.2.6)(tailwindcss@4.3.0):
    dependencies:
      prism-react-renderer: 2.4.1(react@19.2.6)
      tailwindcss: 4.3.0
    transitivePeerDependencies:
      - react

  tailwindcss@4.3.0: {}

  tapable@2.3.3: {}

  terser@5.47.1:
    dependencies:
      '@jridgewell/source-map': 0.3.11
      acorn: 8.16.0
      commander: 2.20.3
      source-map-support: 0.5.21

  tinyexec@1.2.4: {}

  tinyglobby@0.2.16:
    dependencies:
      fdir: 6.5.0(picomatch@4.0.4)
      picomatch: 4.0.4

  tslib@2.8.1:
    optional: true

  tw-animate-css@1.4.0: {}

  undici-types@7.24.6: {}

  vite@8.0.13(@types/node@25.9.1)(jiti@2.7.0)(terser@5.47.1)(yaml@2.9.0):
    dependencies:
      lightningcss: 1.32.0
      picomatch: 4.0.4
      postcss: 8.5.15
      rolldown: 1.0.1
      tinyglobby: 0.2.16
    optionalDependencies:
      '@types/node': 25.9.1
      fsevents: 2.3.3
      jiti: 2.7.0
      terser: 5.47.1
      yaml: 2.9.0

  wrap-ansi@9.0.2:
    dependencies:
      ansi-styles: 6.2.3
      string-width: 7.2.0
      strip-ansi: 7.2.0

  yaml@2.9.0: {}
